
Microsoft Visual Studio Solution File, Format Version 12.00
# Visual Studio Version 16
VisualStudioVersion = 16.0.29409.12
MinimumVisualStudioVersion = 10.0.40219.1
Project("{FAE04EC0-301F-11D3-BF4B-00C04F79EFBC}") = "RealmXF.Android", "RealmXF\RealmXF.Android\RealmXF.Android.csproj", "{68FB0AA9-CFC1-4617-9144-8E4093A979C8}"
EndProject
Project("{FAE04EC0-301F-11D3-BF4B-00C04F79EFBC}") = "RealmXF.iOS", "RealmXF\RealmXF.iOS\RealmXF.iOS.csproj", "{32F247D3-50AC-4CC7-B2E1-A0053BC97F01}"
EndProject
Project("{FAE04EC0-301F-11D3-BF4B-00C04F79EFBC}") = "RealmXF", "RealmXF\RealmXF\RealmXF.csproj", "{D66BBBCD-1319-409E-ABFA-AE9AEEBCFED3}"
EndProject
Global
	GlobalSection(SolutionConfigurationPlatforms) = preSolution
		Debug|Any CPU = Debug|Any CPU
		Debug|iPhone = Debug|iPhone
		Debug|iPhoneSimulator = Debug|iPhoneSimulator
		Release|Any CPU = Release|Any CPU
		Release|iPhone = Release|iPhone
		Release|iPhoneSimulator = Release|iPhoneSimulator
	EndGlobalSection
	GlobalSection(ProjectConfigurationPlatforms) = postSolution
		{68FB0AA9-CFC1-4617-9144-8E4093A979C8}.Debug|Any CPU.ActiveCfg = Debug|Any CPU
		{68FB0AA9-CFC1-4617-9144-8E4093A979C8}.Debug|Any CPU.Build.0 = Debug|Any CPU
		{68FB0AA9-CFC1-4617-9144-8E4093A979C8}.Debug|Any CPU.Deploy.0 = Debug|Any CPU
		{68FB0AA9-CFC1-4617-9144-8E4093A979C8}.Debug|iPhone.ActiveCfg = Debug|Any CPU
		{68FB0AA9-CFC1-4617-9144-8E4093A979C8}.Debug|iPhone.Build.0 = Debug|Any CPU
		{68FB0AA9-CFC1-4617-9144-8E4093A979C8}.Debug|iPhone.Deploy.0 = Debug|Any CPU
		{68FB0AA9-CFC1-4617-9144-8E4093A979C8}.Debug|iPhoneSimulator.ActiveCfg = Debug|Any CPU
		{68FB0AA9-CFC1-4617-9144-8E4093A979C8}.Debug|iPhoneSimulator.Build.0 = Debug|Any CPU
		{68FB0AA9-CFC1-4617-9144-8E4093A979C8}.Debug|iPhoneSimulator.Deploy.0 = Debug|Any CPU
		{68FB0AA9-CFC1-4617-9144-8E4093A979C8}.Release|Any CPU.ActiveCfg = Release|Any CPU
		{68FB0AA9-CFC1-4617-9144-8E4093A979C8}.Release|Any CPU.Build.0 = Release|Any CPU
		{68FB0AA9-CFC1-4617-9144-8E4093A979C8}.Release|Any CPU.Deploy.0 = Release|Any CPU
		{68FB0AA9-CFC1-4617-9144-8E4093A979C8}.Release|iPhone.ActiveCfg = Release|Any CPU
		{68FB0AA9-CFC1-4617-9144-8E4093A979C8}.Release|iPhone.Build.0 = Release|Any CPU
		{68FB0AA9-CFC1-4617-9144-8E4093A979C8}.Release|iPhone.Deploy.0 = Release|Any CPU
		{68FB0AA9-CFC1-4617-9144-8E4093A979C8}.Release|iPhoneSimulator.ActiveCfg = Release|Any CPU
		{68FB0AA9-CFC1-4617-9144-8E4093A979C8}.Release|iPhoneSimulator.Build.0 = Release|Any CPU
		{68FB0AA9-CFC1-4617-9144-8E4093A979C8}.Release|iPhoneSimulator.Deploy.0 = Release|Any CPU
		{32F247D3-50AC-4CC7-B2E1-A0053BC97F01}.Debug|Any CPU.ActiveCfg = Debug|iPhoneSimulator
		{32F247D3-50AC-4CC7-B2E1-A0053BC97F01}.Debug|Any CPU.Build.0 = Debug|iPhoneSimulator
		{32F247D3-50AC-4CC7-B2E1-A0053BC97F01}.Debug|Any CPU.Deploy.0 = Debug|iPhoneSimulator
		{32F247D3-50AC-4CC7-B2E1-A0053BC97F01}.Debug|iPhone.ActiveCfg = Debug|iPhone
		{32F247D3-50AC-4CC7-B2E1-A0053BC97F01}.Debug|iPhone.Build.0 = Debug|iPhone
		{32F247D3-50AC-4CC7-B2E1-A0053BC97F01}.Debug|iPhone.Deploy.0 = Debug|iPhone
		{32F247D3-50AC-4CC7-B2E1-A0053BC97F01}.Debug|iPhoneSimulator.ActiveCfg = Debug|iPhoneSimulator
		{32F247D3-50AC-4CC7-B2E1-A0053BC97F01}.Debug|iPhoneSimulator.Build.0 = Debug|iPhoneSimulator
		{32F247D3-50AC-4CC7-B2E1-A0053BC97F01}.Debug|iPhoneSimulator.Deploy.0 = Debug|iPhoneSimulator
		{32F247D3-50AC-4CC7-B2E1-A0053BC97F01}.Release|Any CPU.ActiveCfg = Release|iPhone
		{32F247D3-50AC-4CC7-B2E1-A0053BC97F01}.Release|Any CPU.Build.0 = Release|iPhone
		{32F247D3-50AC-4CC7-B2E1-A0053BC97F01}.Release|Any CPU.Deploy.0 = Release|iPhone
		{32F247D3-50AC-4CC7-B2E1-A0053BC97F01}.Release|iPhone.ActiveCfg = Release|iPhone
		{32F247D3-50AC-4CC7-B2E1-A0053BC97F01}.Release|iPhone.Build.0 = Release|iPhone
		{32F247D3-50AC-4CC7-B2E1-A0053BC97F01}.Release|iPhone.Deploy.0 = Release|iPhone
		{32F247D3-50AC-4CC7-B2E1-A0053BC97F01}.Release|iPhoneSimulator.ActiveCfg = Release|iPhoneSimulator
		{32F247D3-50AC-4CC7-B2E1-A0053BC97F01}.Release|iPhoneSimulator.Build.0 = Release|iPhoneSimulator
		{32F247D3-50AC-4CC7-B2E1-A0053BC97F01}.Release|iPhoneSimulator.Deploy.0 = Release|iPhoneSimulator
		{D66BBBCD-1319-409E-ABFA-AE9AEEBCFED3}.Debug|Any CPU.ActiveCfg = Debug|Any CPU
		{D66BBBCD-1319-409E-ABFA-AE9AEEBCFED3}.Debug|Any CPU.Build.0 = Debug|Any CPU
		{D66BBBCD-1319-409E-ABFA-AE9AEEBCFED3}.Debug|Any CPU.Deploy.0 = Debug|Any CPU
		{D66BBBCD-1319-409E-ABFA-AE9AEEBCFED3}.Debug|iPhone.ActiveCfg = Debug|Any CPU
		{D66BBBCD-1319-409E-ABFA-AE9AEEBCFED3}.Debug|iPhone.Build.0 = Debug|Any CPU
		{D66BBBCD-1319-409E-ABFA-AE9AEEBCFED3}.Debug|iPhone.Deploy.0 = Debug|Any CPU
		{D66BBBCD-1319-409E-ABFA-AE9AEEBCFED3}.Debug|iPhoneSimulator.ActiveCfg = Debug|Any CPU
		{D66BBBCD-1319-409E-ABFA-AE9AEEBCFED3}.Debug|iPhoneSimulator.Build.0 = Debug|Any CPU
		{D66BBBCD-1319-409E-ABFA-AE9AEEBCFED3}.Debug|iPhoneSimulator.Deploy.0 = Debug|Any CPU
		{D66BBBCD-1319-409E-ABFA-AE9AEEBCFED3}.Release|Any CPU.ActiveCfg = Release|Any CPU
		{D66BBBCD-1319-409E-ABFA-AE9AEEBCFED3}.Release|Any CPU.Build.0 = Release|Any CPU
		{D66BBBCD-1319-409E-ABFA-AE9AEEBCFED3}.Release|Any CPU.Deploy.0 = Release|Any CPU
		{D66BBBCD-1319-409E-ABFA-AE9AEEBCFED3}.Release|iPhone.ActiveCfg = Release|Any CPU
		{D66BBBCD-1319-409E-ABFA-AE9AEEBCFED3}.Release|iPhone.Build.0 = Release|Any CPU
		{D66BBBCD-1319-409E-ABFA-AE9AEEBCFED3}.Release|iPhone.Deploy.0 = Release|Any CPU
		{D66BBBCD-1319-409E-ABFA-AE9AEEBCFED3}.Release|iPhoneSimulator.ActiveCfg = Release|Any CPU
		{D66BBBCD-1319-409E-ABFA-AE9AEEBCFED3}.Release|iPhoneSimulator.Build.0 = Release|Any CPU
		{D66BBBCD-1319-409E-ABFA-AE9AEEBCFED3}.Release|iPhoneSimulator.Deploy.0 = Release|Any CPU
	EndGlobalSection
	GlobalSection(SolutionProperties) = preSolution
		HideSolutionNode = FALSE
	EndGlobalSection
	GlobalSection(ExtensibilityGlobals) = postSolution
		SolutionGuid = {718F5DAF-2BF8-4C5C-9274-1C727090A72E}
	EndGlobalSection
EndGlobal
